{
  "nodes": {
    "alpha": {
      "flake": false,
      "locked": {
        "lastModified": 1681755353,
        "narHash": "sha256-yiwFWoz7C+VYL0hrDobTINE4K1v4sbB8koZuURAKlzw=",
        "owner": "goolord",
        "repo": "alpha-nvim",
        "rev": "87c204040e3f5d4c1c95067b35905d8f8a2f2545",
        "type": "github"
      },
      "original": {
        "owner": "goolord",
        "repo": "alpha-nvim",
        "type": "github"
      }
    },
    "bufferline": {
      "flake": false,
      "locked": {
        "lastModified": 1682012063,
        "narHash": "sha256-oQiFuD5ksC0yMCLog9SRfmzgF5A5wqkuUm7gQ+Uc7Fk=",
        "owner": "akinsho",
        "repo": "bufferline.nvim",
        "rev": "09d8dbf14ba514d460c36f208706aaf309ef6c48",
        "type": "github"
      },
      "original": {
        "owner": "akinsho",
        "repo": "bufferline.nvim",
        "type": "github"
      }
    },
    "catppuccin": {
      "flake": false,
      "locked": {
        "lastModified": 1681966054,
        "narHash": "sha256-ZTxZMsxU0wBGK/eESeY/kVUNli9jz3QBu+prcqRWtZk=",
        "owner": "catppuccin",
        "repo": "nvim",
        "rev": "939be5f7fcbc15abeaad9214bb253a4551f6f6e6",
        "type": "github"
      },
      "original": {
        "owner": "catppuccin",
        "repo": "nvim",
        "type": "github"
      }
    },
    "cmp-buffer": {
      "flake": false,
      "locked": {
        "lastModified": 1660101488,
        "narHash": "sha256-dG4U7MtnXThoa/PD+qFtCt76MQ14V1wX8GMYcvxEnbM=",
        "owner": "hrsh7th",
        "repo": "cmp-buffer",
        "rev": "3022dbc9166796b644a841a02de8dd1cc1d311fa",
        "type": "github"
      },
      "original": {
        "owner": "hrsh7th",
        "repo": "cmp-buffer",
        "type": "github"
      }
    },
    "cmp-luasnip": {
      "flake": false,
      "locked": {
        "lastModified": 1666943769,
        "narHash": "sha256-Z5SPy3j2oHFxJ7bK8DP8Q/oRyLEMlnWyIfDaQcNVIS0=",
        "owner": "saadparwaiz1",
        "repo": "cmp_luasnip",
        "rev": "18095520391186d634a0045dacaa346291096566",
        "type": "github"
      },
      "original": {
        "owner": "saadparwaiz1",
        "repo": "cmp_luasnip",
        "type": "github"
      }
    },
    "cmp-nvim-lsp": {
      "flake": false,
      "locked": {
        "lastModified": 1675708067,
        "narHash": "sha256-DxpcPTBlvVP88PDoTheLV2fC76EXDqS2UpM5mAfj/D4=",
        "owner": "hrsh7th",
        "repo": "cmp-nvim-lsp",
        "rev": "0e6b2ed705ddcff9738ec4ea838141654f12eeef",
        "type": "github"
      },
      "original": {
        "owner": "hrsh7th",
        "repo": "cmp-nvim-lsp",
        "type": "github"
      }
    },
    "cmp-path": {
      "flake": false,
      "locked": {
        "lastModified": 1664784283,
        "narHash": "sha256-thppiiV3wjIaZnAXmsh7j3DUc6ceSCvGzviwFUnoPaI=",
        "owner": "hrsh7th",
        "repo": "cmp-path",
        "rev": "91ff86cd9c29299a64f968ebb45846c485725f23",
        "type": "github"
      },
      "original": {
        "owner": "hrsh7th",
        "repo": "cmp-path",
        "type": "github"
      }
    },
    "crates-nvim": {
      "flake": false,
      "locked": {
        "lastModified": 1680387248,
        "narHash": "sha256-Qt3x9I1RzFtknxy3qJaaZczSLvO10OQ6N1+RLhfuQ7I=",
        "owner": "Saecki",
        "repo": "crates.nvim",
        "rev": "1d4bb1e7a0fe8bae3f97061be5fbf6f9081a27e2",
        "type": "github"
      },
      "original": {
        "owner": "Saecki",
        "repo": "crates.nvim",
        "type": "github"
      }
    },
    "dressing": {
      "flake": false,
      "locked": {
        "lastModified": 1681303966,
        "narHash": "sha256-8HSxDkHxrjNCT9OpI3Fxt4bwLM49UmdH2TtQWGzyzXo=",
        "owner": "stevearc",
        "repo": "dressing.nvim",
        "rev": "0e3e1eba147fee6e638ac1ac28f0495bcde17319",
        "type": "github"
      },
      "original": {
        "owner": "stevearc",
        "repo": "dressing.nvim",
        "type": "github"
      }
    },
    "flake-compat": {
      "flake": false,
      "locked": {
        "lastModified": 1673956053,
        "narHash": "sha256-4gtG9iQuiKITOjNQQeQIpoIB6b16fm+504Ch3sNKLd8=",
        "owner": "edolstra",
        "repo": "flake-compat",
        "rev": "35bb57c0c8d8b62bbfd284272c928ceb64ddbde9",
        "type": "github"
      },
      "original": {
        "owner": "edolstra",
        "repo": "flake-compat",
        "type": "github"
      }
    },
    "flake-utils": {
      "inputs": {
        "systems": "systems"
      },
      "locked": {
        "lastModified": 1681202837,
        "narHash": "sha256-H+Rh19JDwRtpVPAWp64F+rlEtxUWBAQW28eAi3SRSzg=",
        "owner": "numtide",
        "repo": "flake-utils",
        "rev": "cfacdce06f30d2b68473a46042957675eebb3401",
        "type": "github"
      },
      "original": {
        "owner": "numtide",
        "repo": "flake-utils",
        "type": "github"
      }
    },
    "flake-utils_2": {
      "locked": {
        "lastModified": 1667395993,
        "narHash": "sha256-nuEHfE/LcWyuSWnS8t12N1wc105Qtau+/OdUAjtQ0rA=",
        "owner": "numtide",
        "repo": "flake-utils",
        "rev": "5aed5285a952e0b949eb3ba02c12fa4fcfef535f",
        "type": "github"
      },
      "original": {
        "owner": "numtide",
        "repo": "flake-utils",
        "type": "github"
      }
    },
    "flit": {
      "flake": false,
      "locked": {
        "lastModified": 1679674981,
        "narHash": "sha256-pV0PcCgVU4qtHkxVxpyDynjek+7KPaNX8kv640ksR4s=",
        "owner": "ggandor",
        "repo": "flit.nvim",
        "rev": "f60e4b3d49bb5a5e97cfffe66f2e671eb422078e",
        "type": "github"
      },
      "original": {
        "owner": "ggandor",
        "repo": "flit.nvim",
        "type": "github"
      }
    },
    "friendly-snippets": {
      "flake": false,
      "locked": {
        "lastModified": 1681619508,
        "narHash": "sha256-IH6g9LPKcd+bi/kIB37iKBOz/ZmnioXdllW3JE8l8ic=",
        "owner": "rafamadriz",
        "repo": "friendly-snippets",
        "rev": "b1b78a6433268fc172adb5a843e165035e83861e",
        "type": "github"
      },
      "original": {
        "owner": "rafamadriz",
        "repo": "friendly-snippets",
        "type": "github"
      }
    },
    "gitsigns": {
      "flake": false,
      "locked": {
        "lastModified": 1680593514,
        "narHash": "sha256-nUVVEO06giiJURxT7qNHbX9C1ljZtchUeOdEoCQBk3E=",
        "owner": "lewis6991",
        "repo": "gitsigns.nvim",
        "rev": "372d5cb485f2062ac74abc5b33054abac21d8b58",
        "type": "github"
      },
      "original": {
        "owner": "lewis6991",
        "repo": "gitsigns.nvim",
        "type": "github"
      }
    },
    "inc-rename": {
      "flake": false,
      "locked": {
        "lastModified": 1680737971,
        "narHash": "sha256-2D2jlDSeB2fy5/PK3M7aHk/X4Zv7esKPya3QOiH8GdI=",
        "owner": "smjonas",
        "repo": "inc-rename.nvim",
        "rev": "fb1b7468f27d874feb209eac46be5205e20b7fd3",
        "type": "github"
      },
      "original": {
        "owner": "smjonas",
        "repo": "inc-rename.nvim",
        "type": "github"
      }
    },
    "indent-blankline": {
      "flake": false,
      "locked": {
        "lastModified": 1676854912,
        "narHash": "sha256-dBm0vnza+fBYxlgUDR1/57GZ+kd7CUVgkQIcZEFWl9k=",
        "owner": "lukas-reineke",
        "repo": "indent-blankline.nvim",
        "rev": "018bd04d80c9a73d399c1061fa0c3b14a7614399",
        "type": "github"
      },
      "original": {
        "owner": "lukas-reineke",
        "repo": "indent-blankline.nvim",
        "type": "github"
      }
    },
    "leap": {
      "flake": false,
      "locked": {
        "lastModified": 1681842486,
        "narHash": "sha256-OIREC2Jjw2bkDH0YwAL3TEJl4kp4aD9IN+Y0JPEg6M8=",
        "owner": "ggandor",
        "repo": "leap.nvim",
        "rev": "0eb3611593e135150e2f7880ec67568ccb51c17a",
        "type": "github"
      },
      "original": {
        "owner": "ggandor",
        "repo": "leap.nvim",
        "type": "github"
      }
    },
    "lspkind": {
      "flake": false,
      "locked": {
        "lastModified": 1663824370,
        "narHash": "sha256-WwUQ+O2rIfD4yl0GFx70GsZc9nnhS7b2KWfNdaXCLmM=",
        "owner": "onsails",
        "repo": "lspkind.nvim",
        "rev": "c68b3a003483cf382428a43035079f78474cd11e",
        "type": "github"
      },
      "original": {
        "owner": "onsails",
        "repo": "lspkind.nvim",
        "type": "github"
      }
    },
    "lua-snip": {
      "flake": false,
      "locked": {
        "lastModified": 1681769001,
        "narHash": "sha256-ymH5iiMcCAfpU2W/2W6cFbQgZUSRSieUmdsWoizTaZg=",
        "owner": "L3MON4D3",
        "repo": "LuaSnip",
        "rev": "8d6c0a93dec34900577ba725e91c44b8d3ca1f45",
        "type": "github"
      },
      "original": {
        "owner": "L3MON4D3",
        "repo": "LuaSnip",
        "type": "github"
      }
    },
    "lualine": {
      "flake": false,
      "locked": {
        "lastModified": 1681033736,
        "narHash": "sha256-u79S3wFJ72vcLp7F0f/s21Kvl/pMRI8CkB+8usPQob4=",
        "owner": "nvim-lualine",
        "repo": "lualine.nvim",
        "rev": "84ffb80e452d95e2c46fa29a98ea11a240f7843e",
        "type": "github"
      },
      "original": {
        "owner": "nvim-lualine",
        "repo": "lualine.nvim",
        "type": "github"
      }
    },
    "mason": {
      "flake": false,
      "locked": {
        "lastModified": 1681984992,
        "narHash": "sha256-ZyWbs3F1WgMmg1iYcUMEKHGYsxi1P9nVB+u72NEHazA=",
        "owner": "williamboman",
        "repo": "mason.nvim",
        "rev": "4b357eded58ef0993fb49a591ed70306c6b44e08",
        "type": "github"
      },
      "original": {
        "owner": "williamboman",
        "repo": "mason.nvim",
        "type": "github"
      }
    },
    "mason-lspconfig": {
      "flake": false,
      "locked": {
        "lastModified": 1681772709,
        "narHash": "sha256-SsWIUh7Q9jnYAQN7SOmRyPOPSD6jKR0HzC7FpkwJHKo=",
        "owner": "williamboman",
        "repo": "mason-lspconfig.nvim",
        "rev": "7034065099c1665143091c7282b3b1b8f0b23783",
        "type": "github"
      },
      "original": {
        "owner": "williamboman",
        "repo": "mason-lspconfig.nvim",
        "type": "github"
      }
    },
    "mini-ai": {
      "flake": false,
      "locked": {
        "lastModified": 1680355573,
        "narHash": "sha256-qWzM1ZmJcf+O0Grj2ELl51M303Kur7VmCwLGW6AjHjI=",
        "owner": "echasnovski",
        "repo": "mini.ai",
        "rev": "fdb8dd34c326040f99b178536eeaee41d1efe643",
        "type": "github"
      },
      "original": {
        "owner": "echasnovski",
        "repo": "mini.ai",
        "type": "github"
      }
    },
    "mini-bufremove": {
      "flake": false,
      "locked": {
        "lastModified": 1680355574,
        "narHash": "sha256-A2l7nRq88cTfoHf+BjHyFxJfvwDTbesr+oR2MwRWXuA=",
        "owner": "echasnovski",
        "repo": "mini.bufremove",
        "rev": "93c7230e83f5acb8890cdb2abaf3557f09305b01",
        "type": "github"
      },
      "original": {
        "owner": "echasnovski",
        "repo": "mini.bufremove",
        "type": "github"
      }
    },
    "mini-comment": {
      "flake": false,
      "locked": {
        "lastModified": 1680274864,
        "narHash": "sha256-RECWNjKJeHrJWhvHJUaYem3M5m6iH/UesoKVmyMWW1g=",
        "owner": "echasnovski",
        "repo": "mini.comment",
        "rev": "9ead47cef4266efa5145808b838762c658b74f74",
        "type": "github"
      },
      "original": {
        "owner": "echasnovski",
        "repo": "mini.comment",
        "type": "github"
      }
    },
    "mini-indentscope": {
      "flake": false,
      "locked": {
        "lastModified": 1678717912,
        "narHash": "sha256-0+bNJUpgZSVk4sHK2WlZlqZ5GMNVAbx1g85NklVuvUg=",
        "owner": "echasnovski",
        "repo": "mini.indentscope",
        "rev": "43f6761c9a3e397b7c12b3c72f678bcf61efcfcf",
        "type": "github"
      },
      "original": {
        "owner": "echasnovski",
        "repo": "mini.indentscope",
        "type": "github"
      }
    },
    "mini-pairs": {
      "flake": false,
      "locked": {
        "lastModified": 1678717913,
        "narHash": "sha256-6aLXjCQH+IFQvizeWn50G+VlDNq1mTA5aEJWLVFxPgU=",
        "owner": "echasnovski",
        "repo": "mini.pairs",
        "rev": "771c08bd313614c7e9a1904d277ac76eb226f674",
        "type": "github"
      },
      "original": {
        "owner": "echasnovski",
        "repo": "mini.pairs",
        "type": "github"
      }
    },
    "mini-starter": {
      "flake": false,
      "locked": {
        "lastModified": 1680355574,
        "narHash": "sha256-6Ge6PnrjjykRBfdIiqmw03PbHSCzRL8LdoBXJKpGYS4=",
        "owner": "echasnovski",
        "repo": "mini.starter",
        "rev": "52f44482f68424056d4bd4fd1c679d742a0ed92b",
        "type": "github"
      },
      "original": {
        "owner": "echasnovski",
        "repo": "mini.starter",
        "type": "github"
      }
    },
    "mini-surround": {
      "flake": false,
      "locked": {
        "lastModified": 1680355574,
        "narHash": "sha256-aL8xMH2uJHRgsB6BlCSbQhdhOioikP/YRYnG9VjzxSI=",
        "owner": "echasnovski",
        "repo": "mini.surround",
        "rev": "cc962bae0890217f8473390abc8cef988519d370",
        "type": "github"
      },
      "original": {
        "owner": "echasnovski",
        "repo": "mini.surround",
        "type": "github"
      }
    },
    "neo-tree": {
      "flake": false,
      "locked": {
        "lastModified": 1681732457,
        "narHash": "sha256-sUlIT2maxonQOPvcPItbm3Na000DB8idswpQ2nNUmkU=",
        "owner": "nvim-neo-tree",
        "repo": "neo-tree.nvim",
        "rev": "7a6b0d43d70636edfec183fb49c02f725765da73",
        "type": "github"
      },
      "original": {
        "owner": "nvim-neo-tree",
        "repo": "neo-tree.nvim",
        "type": "github"
      }
    },
    "neoconf": {
      "flake": false,
      "locked": {
        "lastModified": 1681954189,
        "narHash": "sha256-u0s9Is1kXIbxd93xMZZT5Ze3rE2R33J7OSpJyb1Q5G4=",
        "owner": "folke",
        "repo": "neoconf.nvim",
        "rev": "327d46c5625c3b1bb2163ecdd734acdc1cbef566",
        "type": "github"
      },
      "original": {
        "owner": "folke",
        "repo": "neoconf.nvim",
        "type": "github"
      }
    },
    "neodev": {
      "flake": false,
      "locked": {
        "lastModified": 1681887902,
        "narHash": "sha256-YMh4Z45/eVEYvJ+dQsXnaVyQ3hQ573nx/IgXNO87gZ8=",
        "owner": "folke",
        "repo": "neodev.nvim",
        "rev": "e812f3d0e62e21a164b70f90f642cf30129503e4",
        "type": "github"
      },
      "original": {
        "owner": "folke",
        "repo": "neodev.nvim",
        "type": "github"
      }
    },
    "neovim-flake": {
      "inputs": {
        "flake-utils": "flake-utils_2",
        "nixpkgs": [
          "neovim-nightly-overlay",
          "nixpkgs"
        ]
      },
      "locked": {
        "dir": "contrib",
        "lastModified": 1681953453,
        "narHash": "sha256-l2Nh6qN3u77m4cwSQvcEELiNos36YOvCTym2MHehnQE=",
        "owner": "neovim",
        "repo": "neovim",
        "rev": "dbcd1985d13b02ab7a547d0b97d4ede28fa49b96",
        "type": "github"
      },
      "original": {
        "dir": "contrib",
        "owner": "neovim",
        "repo": "neovim",
        "type": "github"
      }
    },
    "neovim-nightly-overlay": {
      "inputs": {
        "flake-compat": "flake-compat",
        "neovim-flake": "neovim-flake",
        "nixpkgs": [
          "nixpkgs"
        ]
      },
      "locked": {
        "lastModified": 1681978427,
        "narHash": "sha256-5u41ZO28uC1+pCOlEn4avxvGmy9yxqZE//LGRJyZu4I=",
        "owner": "nix-community",
        "repo": "neovim-nightly-overlay",
        "rev": "905aff689afb230a037599d1d6456d65ce9b4a64",
        "type": "github"
      },
      "original": {
        "owner": "nix-community",
        "repo": "neovim-nightly-overlay",
        "type": "github"
      }
    },
    "nixpkgs": {
      "locked": {
        "lastModified": 1681828457,
        "narHash": "sha256-o4Zvs309HOhrNeVloPKqangcKHobsggVt6GFbnEPZlQ=",
        "owner": "nixos",
        "repo": "nixpkgs",
        "rev": "555daa9d339b3df75e58ee558a4fec98ea92521e",
        "type": "github"
      },
      "original": {
        "owner": "nixos",
        "ref": "nixos-unstable",
        "repo": "nixpkgs",
        "type": "github"
      }
    },
    "noice": {
      "flake": false,
      "locked": {
        "lastModified": 1681806226,
        "narHash": "sha256-VXb3v8CRQQ51Xie4ZNDuk65x9QnHXxoSU5sft55ddwA=",
        "owner": "folke",
        "repo": "noice.nvim",
        "rev": "7bd435a48a2d2b3f028c633126e3f669ae6b902f",
        "type": "github"
      },
      "original": {
        "owner": "folke",
        "repo": "noice.nvim",
        "type": "github"
      }
    },
    "nui": {
      "flake": false,
      "locked": {
        "lastModified": 1681244240,
        "narHash": "sha256-IlbOt9fCBklx3i8OY2DZwa/8OV+yGOLBm8HUeVLseIw=",
        "owner": "MunifTanjim",
        "repo": "nui.nvim",
        "rev": "ecd9def93891b9260b15b5fcef542eaabf4145c9",
        "type": "github"
      },
      "original": {
        "owner": "MunifTanjim",
        "repo": "nui.nvim",
        "type": "github"
      }
    },
    "null-ls": {
      "flake": false,
      "locked": {
        "lastModified": 1681223720,
        "narHash": "sha256-L3inC3YpiNdFdArqHdqR0n7g//moTvLYybQafFgkbDE=",
        "owner": "jose-elias-alvarez",
        "repo": "null-ls.nvim",
        "rev": "f8ffcd7cb8fb3325c711d459152ef132b5b65aed",
        "type": "github"
      },
      "original": {
        "owner": "jose-elias-alvarez",
        "repo": "null-ls.nvim",
        "type": "github"
      }
    },
    "nvim-cmp": {
      "flake": false,
      "locked": {
        "lastModified": 1679026924,
        "narHash": "sha256-CoHGIiZrhRAHZ/Er0JSQMapI7jwllNF5OysLlx2QEik=",
        "owner": "hrsh7th",
        "repo": "nvim-cmp",
        "rev": "777450fd0ae289463a14481673e26246b5e38bf2",
        "type": "github"
      },
      "original": {
        "owner": "hrsh7th",
        "repo": "nvim-cmp",
        "type": "github"
      }
    },
    "nvim-lspconfig": {
      "flake": false,
      "locked": {
        "lastModified": 1681647398,
        "narHash": "sha256-jrVzwC9nO2gLmIKQ9gTRW/fsXc4ad7/rR917Krmv874=",
        "owner": "neovim",
        "repo": "nvim-lspconfig",
        "rev": "eddaef928c1e1dd79a96f5db45f2fd7f2efe7ea0",
        "type": "github"
      },
      "original": {
        "owner": "neovim",
        "repo": "nvim-lspconfig",
        "type": "github"
      }
    },
    "nvim-navic": {
      "flake": false,
      "locked": {
        "lastModified": 1681917505,
        "narHash": "sha256-htkUkoXCDk8IwGrGTX7fsxIHuxPIHBKgSeOxWLB0EK0=",
        "owner": "SmiteshP",
        "repo": "nvim-navic",
        "rev": "66de418892b30709c6a5e79075dd6f4d5689a8c0",
        "type": "github"
      },
      "original": {
        "owner": "SmiteshP",
        "repo": "nvim-navic",
        "type": "github"
      }
    },
    "nvim-notify": {
      "flake": false,
      "locked": {
        "lastModified": 1681892404,
        "narHash": "sha256-TEjd5Ikq0QFkmamlCRUgAMd6f53Cz/+2n6mfNEaxZQs=",
        "owner": "rcarriga",
        "repo": "nvim-notify",
        "rev": "159c6cf1be25a933f35e97499314c9faab55c98f",
        "type": "github"
      },
      "original": {
        "owner": "rcarriga",
        "repo": "nvim-notify",
        "type": "github"
      }
    },
    "nvim-spectre": {
      "flake": false,
      "locked": {
        "lastModified": 1680302788,
        "narHash": "sha256-GSZdafRqKvQV+RQc1uRVZLpmfFMhJUMMkUvwehkvNfQ=",
        "owner": "windwp",
        "repo": "nvim-spectre",
        "rev": "6e5ce371f93625c7dc43f5e2647d3647f2ea15e2",
        "type": "github"
      },
      "original": {
        "owner": "windwp",
        "repo": "nvim-spectre",
        "type": "github"
      }
    },
    "nvim-transparent": {
      "flake": false,
      "locked": {
        "lastModified": 1681778190,
        "narHash": "sha256-Z4Icv7c/fK55plk0y/lEsoWDhLc8VixjQyyO6WdTOVw=",
        "owner": "xiyaowong",
        "repo": "nvim-transparent",
        "rev": "f09966923f7e329ceda9d90fe0b7e8042b6bdf31",
        "type": "github"
      },
      "original": {
        "owner": "xiyaowong",
        "repo": "nvim-transparent",
        "type": "github"
      }
    },
    "nvim-treesitter-textobjects": {
      "flake": false,
      "locked": {
        "lastModified": 1681129400,
        "narHash": "sha256-9NPfwzHPKrVAgb5aFGTFv8fVAoDEAYV4b8K0KYM7/WE=",
        "owner": "nvim-treesitter",
        "repo": "nvim-treesitter-textobjects",
        "rev": "8673926519ea61069f9c1366d1ad1949316d250e",
        "type": "github"
      },
      "original": {
        "owner": "nvim-treesitter",
        "repo": "nvim-treesitter-textobjects",
        "type": "github"
      }
    },
    "nvim-ts-commentstring": {
      "flake": false,
      "locked": {
        "lastModified": 1681842544,
        "narHash": "sha256-Wv5WZcELaNqfgdFvvj2E/rBUiyHHPeN9hJVLN+4mm6Q=",
        "owner": "JoosepAlviste",
        "repo": "nvim-ts-context-commentstring",
        "rev": "0bf8fbc2ca8f8cdb6efbd0a9e32740d7a991e4c3",
        "type": "github"
      },
      "original": {
        "owner": "JoosepAlviste",
        "repo": "nvim-ts-context-commentstring",
        "type": "github"
      }
    },
    "nvim-web-devicons": {
      "flake": false,
      "locked": {
        "lastModified": 1681235235,
        "narHash": "sha256-lAjk2Kpyxabe21ut7xCvhE2+we8hsEZWpcJrYLbhWqM=",
        "owner": "nvim-tree",
        "repo": "nvim-web-devicons",
        "rev": "4ec26d67d419c12a4abaea02f1b6c57b40c08d7e",
        "type": "github"
      },
      "original": {
        "owner": "nvim-tree",
        "repo": "nvim-web-devicons",
        "type": "github"
      }
    },
    "oceanicnext": {
      "flake": false,
      "locked": {
        "lastModified": 1612533325,
        "narHash": "sha256-AhF4v5bSvaSWDu4LL6Rm8+20/M0rd7/9pTUcrLpfX/E=",
        "owner": "mhartington",
        "repo": "oceanic-next",
        "rev": "5ef31a34204f84714885ae9036f66a626036c3dc",
        "type": "github"
      },
      "original": {
        "owner": "mhartington",
        "repo": "oceanic-next",
        "type": "github"
      }
    },
    "persistence": {
      "flake": false,
      "locked": {
        "lastModified": 1679256943,
        "narHash": "sha256-IjFJcXyfax72AsypO4HVRmG/kIBDB74PdSVcIrxRLqY=",
        "owner": "folke",
        "repo": "persistence.nvim",
        "rev": "c814fae5c37aa0aba9cd9da05df6e52b88d612c3",
        "type": "github"
      },
      "original": {
        "owner": "folke",
        "repo": "persistence.nvim",
        "type": "github"
      }
    },
    "plenary": {
      "flake": false,
      "locked": {
        "lastModified": 1681122243,
        "narHash": "sha256-tG+BrCgE1L7QMbchSzjLfQfpI09uTQXbx7OeFuVEcDQ=",
        "owner": "nvim-lua",
        "repo": "plenary.nvim",
        "rev": "9ac3e9541bbabd9d73663d757e4fe48a675bb054",
        "type": "github"
      },
      "original": {
        "owner": "nvim-lua",
        "repo": "plenary.nvim",
        "type": "github"
      }
    },
    "root": {
      "inputs": {
        "alpha": "alpha",
        "bufferline": "bufferline",
        "catppuccin": "catppuccin",
        "cmp-buffer": "cmp-buffer",
        "cmp-luasnip": "cmp-luasnip",
        "cmp-nvim-lsp": "cmp-nvim-lsp",
        "cmp-path": "cmp-path",
        "crates-nvim": "crates-nvim",
        "dressing": "dressing",
        "flake-utils": "flake-utils",
        "flit": "flit",
        "friendly-snippets": "friendly-snippets",
        "gitsigns": "gitsigns",
        "inc-rename": "inc-rename",
        "indent-blankline": "indent-blankline",
        "leap": "leap",
        "lspkind": "lspkind",
        "lua-snip": "lua-snip",
        "lualine": "lualine",
        "mason": "mason",
        "mason-lspconfig": "mason-lspconfig",
        "mini-ai": "mini-ai",
        "mini-bufremove": "mini-bufremove",
        "mini-comment": "mini-comment",
        "mini-indentscope": "mini-indentscope",
        "mini-pairs": "mini-pairs",
        "mini-starter": "mini-starter",
        "mini-surround": "mini-surround",
        "neo-tree": "neo-tree",
        "neoconf": "neoconf",
        "neodev": "neodev",
        "neovim-nightly-overlay": "neovim-nightly-overlay",
        "nixpkgs": "nixpkgs",
        "noice": "noice",
        "nui": "nui",
        "null-ls": "null-ls",
        "nvim-cmp": "nvim-cmp",
        "nvim-lspconfig": "nvim-lspconfig",
        "nvim-navic": "nvim-navic",
        "nvim-notify": "nvim-notify",
        "nvim-spectre": "nvim-spectre",
        "nvim-transparent": "nvim-transparent",
        "nvim-treesitter-textobjects": "nvim-treesitter-textobjects",
        "nvim-ts-commentstring": "nvim-ts-commentstring",
        "nvim-web-devicons": "nvim-web-devicons",
        "oceanicnext": "oceanicnext",
        "persistence": "persistence",
        "plenary": "plenary",
        "rust-tools": "rust-tools",
        "telescope": "telescope",
        "todo-comments": "todo-comments",
        "toggleterm": "toggleterm",
        "tokyonight": "tokyonight",
        "trouble": "trouble",
        "vim-illuminate": "vim-illuminate",
        "which-key": "which-key"
      }
    },
    "rust-tools": {
      "flake": false,
      "locked": {
        "lastModified": 1676929960,
        "narHash": "sha256-Cuk/vdoviB9ibt2rrkNRmNFy4S+6czhbExmIjTJRdZM=",
        "owner": "simrat39",
        "repo": "rust-tools.nvim",
        "rev": "71d2cf67b5ed120a0e31b2c8adb210dd2834242f",
        "type": "github"
      },
      "original": {
        "owner": "simrat39",
        "repo": "rust-tools.nvim",
        "type": "github"
      }
    },
    "systems": {
      "locked": {
        "lastModified": 1681028828,
        "narHash": "sha256-Vy1rq5AaRuLzOxct8nz4T6wlgyUR7zLU309k9mBC768=",
        "owner": "nix-systems",
        "repo": "default",
        "rev": "da67096a3b9bf56a91d16901293e51ba5b49a27e",
        "type": "github"
      },
      "original": {
        "owner": "nix-systems",
        "repo": "default",
        "type": "github"
      }
    },
    "telescope": {
      "flake": false,
      "locked": {
        "lastModified": 1681122231,
        "narHash": "sha256-UMidzUf2nhG577Minzm3QYu0ZNPoK/rXEyUdvZ/5nFw=",
        "owner": "nvim-telescope",
        "repo": "telescope.nvim",
        "rev": "6258d50b09f9ae087317e392efe7c05a7323492d",
        "type": "github"
      },
      "original": {
        "owner": "nvim-telescope",
        "repo": "telescope.nvim",
        "type": "github"
      }
    },
    "todo-comments": {
      "flake": false,
      "locked": {
        "lastModified": 1680261407,
        "narHash": "sha256-Z4jaklYoU4TU/3UuK1krImqMzU6sNxJM/XWPCnNBuwo=",
        "owner": "folke",
        "repo": "todo-comments.nvim",
        "rev": "8febc60a76feefd8203077ef78b6a262ea1a41f9",
        "type": "github"
      },
      "original": {
        "owner": "folke",
        "repo": "todo-comments.nvim",
        "type": "github"
      }
    },
    "toggleterm": {
      "flake": false,
      "locked": {
        "lastModified": 1681296186,
        "narHash": "sha256-y8CvzzW4ezqdnSzeon39KVN1JEU+9SSJ78n51A5XHVQ=",
        "owner": "akinsho",
        "repo": "toggleterm.nvim",
        "rev": "1c5996ee3c30b54751093fe68d40676859e7778f",
        "type": "github"
      },
      "original": {
        "owner": "akinsho",
        "repo": "toggleterm.nvim",
        "type": "github"
      }
    },
    "tokyonight": {
      "flake": false,
      "locked": {
        "lastModified": 1681903108,
        "narHash": "sha256-YdmxTUnCdZqnEqJpFnL/4gvi6fFNPBZ+iZ4F52SSjP0=",
        "owner": "folke",
        "repo": "tokyonight.nvim",
        "rev": "ff81eac0ecf85db235dfc4c9d54f2d07d662a423",
        "type": "github"
      },
      "original": {
        "owner": "folke",
        "repo": "tokyonight.nvim",
        "type": "github"
      }
    },
    "trouble": {
      "flake": false,
      "locked": {
        "lastModified": 1681796330,
        "narHash": "sha256-kW5vRqKRUG3I5/DgWnMpXeQHbaFBcYDlzEpg2bvKAUA=",
        "owner": "folke",
        "repo": "trouble.nvim",
        "rev": "d56bfc0c501ced4002a57cb60433362fb2ce9c4d",
        "type": "github"
      },
      "original": {
        "owner": "folke",
        "repo": "trouble.nvim",
        "type": "github"
      }
    },
    "vim-illuminate": {
      "flake": false,
      "locked": {
        "lastModified": 1679187974,
        "narHash": "sha256-8dL3cBjQ2iY4D4gTxKVVmOGhxcSSRuDBvmEwwFIbWsQ=",
        "owner": "RRethy",
        "repo": "vim-illuminate",
        "rev": "a2907275a6899c570d16e95b9db5fd921c167502",
        "type": "github"
      },
      "original": {
        "owner": "RRethy",
        "repo": "vim-illuminate",
        "type": "github"
      }
    },
    "which-key": {
      "flake": false,
      "locked": {
        "lastModified": 1681842315,
        "narHash": "sha256-K/4gyZ+YuQdV6DJqgV5HDL2kMgeD706k9y3QYkehCfc=",
        "owner": "folke",
        "repo": "which-key.nvim",
        "rev": "94cb020ff33a1e0e22fac1c41663d2c439741f17",
        "type": "github"
      },
      "original": {
        "owner": "folke",
        "repo": "which-key.nvim",
        "type": "github"
      }
    }
  },
  "root": "root",
  "version": 7
}
